// !$*UTF8*$!
{
	archiveVersion = 1;
	classes = {
	};
	objectVersion = 46;
	objects = {

/* Begin PBXGroup section */
		E1FFCB431D3BFEF600BF173A = {
			isa = PBXGroup;
			children = (
			);
			sourceTree = "<group>";
		};
/* End PBXGroup section */

/* Begin PBXProject section */
		E1FFCB441D3BFEF600BF173A /* Project object */ = {
			isa = PBXProject;
			attributes = {
				LastUpgradeCheck = 0730;
			};
			buildConfigurationList = E1FFCB471D3BFEF600BF173A /* Build configuration list for PBXProject "ParallelFlashMemory" */;
			compatibilityVersion = "Xcode 3.2";
			developmentRegion = English;
			hasScannedForEncodings = 0;
			knownRegions = (
				en,
			);
			mainGroup = E1FFCB431D3BFEF600BF173A;
			projectDirPath = "";
			projectRoot = "";
			targets = (
			);
		};
/* End PBXProject section */

/* Begin XCBuildConfiguration section */
		E1FFCB481D3BFEF600BF173A /* Debug */ = {
			isa = XCBuildConfiguration;
			buildSettings = {
			};
			name = Debug;
		};
		E1FFCB491D3BFEF600BF173A /* Release */ = {
			isa = XCBuildConfiguration;
			buildSettings = {
			};
			name = Release;
		};
/* End XCBuildConfiguration section */

/* Begin XCConfigurationList section */
		E1FFCB471D3BFEF600BF173A /* Build configuration list for PBXProject "ParallelFlashMemory" */ = {
			isa = XCConfigurationList;
			buildConfigurations = (
				E1FFCB481D3BFEF600BF173A /* Debug */,
				E1FFCB491D3BFEF600BF173A /* Release */,
			);
			defaultConfigurationIsVisible = 0;
			defaultConfigurationName = Release;
		};
/* End XCConfigurationList section */
	};
	rootObject = E1FFCB441D3BFEF600BF173A /* Project object */;
}
