// !$*UTF8*$!
{
	archiveVersion = 1;
	classes = {
	};
	objectVersion = 46;
	objects = {

/* Begin PBXFileReference section */
		E19543581D84CDFD00E0BA02 /* Adafruit_MCP23008_RF.cpp */ = {isa = PBXFileReference; lastKnownFileType = sourcecode.cpp.cpp; name = Adafruit_MCP23008_RF.cpp; path = ../Adafruit_MCP23008_RF/Adafruit_MCP23008_RF.cpp; sourceTree = "<group>"; };
		E19543591D84CDFD00E0BA02 /* Adafruit_MCP23008_RF.h */ = {isa = PBXFileReference; lastKnownFileType = sourcecode.c.h; name = Adafruit_MCP23008_RF.h; path = ../Adafruit_MCP23008_RF/Adafruit_MCP23008_RF.h; sourceTree = "<group>"; };
		E1FFCB4A1D3BFF4200BF173A /* ParallelFlashMemory.h */ = {isa = PBXFileReference; lastKnownFileType = sourcecode.c.h; path = ParallelFlashMemory.h; sourceTree = "<group>"; };
		E1FFCB4B1D3BFF6000BF173A /* ParallelFlashMemory.cpp */ = {isa = PBXFileReference; lastKnownFileType = sourcecode.cpp.cpp; path = ParallelFlashMemory.cpp; sourceTree = "<group>"; };
/* End PBXFileReference section */

/* Begin PBXGroup section */
		E1FFCB431D3BFEF600BF173A = {
			isa = PBXGroup;
			children = (
				E1FFCB4A1D3BFF4200BF173A /* ParallelFlashMemory.h */,
				E1FFCB4B1D3BFF6000BF173A /* ParallelFlashMemory.cpp */,
				E19543591D84CDFD00E0BA02 /* Adafruit_MCP23008_RF.h */,
				E19543581D84CDFD00E0BA02 /* Adafruit_MCP23008_RF.cpp */,
			);
			sourceTree = "<group>";
		};
/* End PBXGroup section */

/* Begin PBXProject section */
		E1FFCB441D3BFEF600BF173A /* Project object */ = {
			isa = PBXProject;
			attributes = {
				LastUpgradeCheck = 0730;
			};
			buildConfigurationList = E1FFCB471D3BFEF600BF173A /* Build configuration list for PBXProject "ParallelFlashMemory" */;
			compatibilityVersion = "Xcode 3.2";
			developmentRegion = English;
			hasScannedForEncodings = 0;
			knownRegions = (
				en,
			);
			mainGroup = E1FFCB431D3BFEF600BF173A;
			projectDirPath = "";
			projectRoot = "";
			targets = (
			);
		};
/* End PBXProject section */

/* Begin XCBuildConfiguration section */
		E1FFCB481D3BFEF600BF173A /* Debug */ = {
			isa = XCBuildConfiguration;
			buildSettings = {
			};
			name = Debug;
		};
		E1FFCB491D3BFEF600BF173A /* Release */ = {
			isa = XCBuildConfiguration;
			buildSettings = {
			};
			name = Release;
		};
/* End XCBuildConfiguration section */

/* Begin XCConfigurationList section */
		E1FFCB471D3BFEF600BF173A /* Build configuration list for PBXProject "ParallelFlashMemory" */ = {
			isa = XCConfigurationList;
			buildConfigurations = (
				E1FFCB481D3BFEF600BF173A /* Debug */,
				E1FFCB491D3BFEF600BF173A /* Release */,
			);
			defaultConfigurationIsVisible = 0;
			defaultConfigurationName = Release;
		};
/* End XCConfigurationList section */
	};
	rootObject = E1FFCB441D3BFEF600BF173A /* Project object */;
}
